// !$*UTF8*$!
{
	archiveVersion = 1;
	classes = {
	};
	objectVersion = 46;
	objects = {

/* Begin PBXBuildFile section */
		FC1596C01B0693EF007EFF0E /* AppDelegate.swift in Sources */ = {isa = PBXBuildFile; fileRef = FC1596BF1B0693EF007EFF0E /* AppDelegate.swift */; };
		FC1596C21B0693EF007EFF0E /* MainViewController.swift in Sources */ = {isa = PBXBuildFile; fileRef = FC1596C11B0693EF007EFF0E /* MainViewController.swift */; };
		FC1596C51B0693EF007EFF0E /* Main.storyboard in Resources */ = {isa = PBXBuildFile; fileRef = FC1596C31B0693EF007EFF0E /* Main.storyboard */; };
		FC1596C71B0693EF007EFF0E /* Images.xcassets in Resources */ = {isa = PBXBuildFile; fileRef = FC1596C61B0693EF007EFF0E /* Images.xcassets */; };
		FC1596CA1B0693EF007EFF0E /* LaunchScreen.xib in Resources */ = {isa = PBXBuildFile; fileRef = FC1596C81B0693EF007EFF0E /* LaunchScreen.xib */; };
		FC1596D61B0693EF007EFF0E /* RoShamBoTests.swift in Sources */ = {isa = PBXBuildFile; fileRef = FC1596D51B0693EF007EFF0E /* RoShamBoTests.swift */; };
		FC1596E01B069FAC007EFF0E /* ResultViewController.swift in Sources */ = {isa = PBXBuildFile; fileRef = FC1596DF1B069FAC007EFF0E /* ResultViewController.swift */; };
		FC5032FF1B07290500138775 /* RoShamBoModel.swift in Sources */ = {isa = PBXBuildFile; fileRef = FC5032FE1B07290500138775 /* RoShamBoModel.swift */; };
/* End PBXBuildFile section */

/* Begin PBXContainerItemProxy section */
		FC1596D01B0693EF007EFF0E /* PBXContainerItemProxy */ = {
			isa = PBXContainerItemProxy;
			containerPortal = FC1596B21B0693EF007EFF0E /* Project object */;
			proxyType = 1;
			remoteGlobalIDString = FC1596B91B0693EF007EFF0E;
			remoteInfo = RoShamBo;
		};
/* End PBXContainerItemProxy section */

/* Begin PBXFileReference section */
		FC1596BA1B0693EF007EFF0E /* RoShamBo.app */ = {isa = PBXFileReference; explicitFileType = wrapper.application; includeInIndex = 0; path = RoShamBo.app; sourceTree = BUILT_PRODUCTS_DIR; };
		FC1596BE1B0693EF007EFF0E /* Info.plist */ = {isa = PBXFileReference; lastKnownFileType = text.plist.xml; path = Info.plist; sourceTree = "<group>"; };
		FC1596BF1B0693EF007EFF0E /* AppDelegate.swift */ = {isa = PBXFileReference; lastKnownFileType = sourcecode.swift; path = AppDelegate.swift; sourceTree = "<group>"; };
		FC1596C11B0693EF007EFF0E /* MainViewController.swift */ = {isa = PBXFileReference; lastKnownFileType = sourcecode.swift; path = MainViewController.swift; sourceTree = "<group>"; };
		FC1596C41B0693EF007EFF0E /* Base */ = {isa = PBXFileReference; lastKnownFileType = file.storyboard; name = Base; path = Base.lproj/Main.storyboard; sourceTree = "<group>"; };
		FC1596C61B0693EF007EFF0E /* Images.xcassets */ = {isa = PBXFileReference; lastKnownFileType = folder.assetcatalog; path = Images.xcassets; sourceTree = "<group>"; };
		FC1596C91B0693EF007EFF0E /* Base */ = {isa = PBXFileReference; lastKnownFileType = file.xib; name = Base; path = Base.lproj/LaunchScreen.xib; sourceTree = "<group>"; };
		FC1596CF1B0693EF007EFF0E /* RoShamBoTests.xctest */ = {isa = PBXFileReference; explicitFileType = wrapper.cfbundle; includeInIndex = 0; path = RoShamBoTests.xctest; sourceTree = BUILT_PRODUCTS_DIR; };
		FC1596D41B0693EF007EFF0E /* Info.plist */ = {isa = PBXFileReference; lastKnownFileType = text.plist.xml; path = Info.plist; sourceTree = "<group>"; };
		FC1596D51B0693EF007EFF0E /* RoShamBoTests.swift */ = {isa = PBXFileReference; lastKnownFileType = sourcecode.swift; path = RoShamBoTests.swift; sourceTree = "<group>"; };
		FC1596DF1B069FAC007EFF0E /* ResultViewController.swift */ = {isa = PBXFileReference; fileEncoding = 4; lastKnownFileType = sourcecode.swift; path = ResultViewController.swift; sourceTree = "<group>"; };
		FC5032FE1B07290500138775 /* RoShamBoModel.swift */ = {isa = PBXFileReference; fileEncoding = 4; lastKnownFileType = sourcecode.swift; path = RoShamBoModel.swift; sourceTree = "<group>"; };
/* End PBXFileReference section */

/* Begin PBXFrameworksBuildPhase section */
		FC1596B71B0693EF007EFF0E /* Frameworks */ = {
			isa = PBXFrameworksBuildPhase;
			buildActionMask = 2147483647;
			files = (
			);
			runOnlyForDeploymentPostprocessing = 0;
		};
		FC1596CC1B0693EF007EFF0E /* Frameworks */ = {
			isa = PBXFrameworksBuildPhase;
			buildActionMask = 2147483647;
			files = (
			);
			runOnlyForDeploymentPostprocessing = 0;
		};
/* End PBXFrameworksBuildPhase section */

/* Begin PBXGroup section */
		FC1596B11B0693EF007EFF0E = {
			isa = PBXGroup;
			children = (
				FC1596BC1B0693EF007EFF0E /* RoShamBo */,
				FC1596D21B0693EF007EFF0E /* RoShamBoTests */,
				FC1596BB1B0693EF007EFF0E /* Products */,
			);
			sourceTree = "<group>";
		};
		FC1596BB1B0693EF007EFF0E /* Products */ = {
			isa = PBXGroup;
			children = (
				FC1596BA1B0693EF007EFF0E /* RoShamBo.app */,
				FC1596CF1B0693EF007EFF0E /* RoShamBoTests.xctest */,
			);
			name = Products;
			sourceTree = "<group>";
		};
		FC1596BC1B0693EF007EFF0E /* RoShamBo */ = {
			isa = PBXGroup;
			children = (
				FC1596BF1B0693EF007EFF0E /* AppDelegate.swift */,
				FC1596C11B0693EF007EFF0E /* MainViewController.swift */,
				FC1596C31B0693EF007EFF0E /* Main.storyboard */,
				FC1596C61B0693EF007EFF0E /* Images.xcassets */,
				FC1596C81B0693EF007EFF0E /* LaunchScreen.xib */,
				FC1596BD1B0693EF007EFF0E /* Supporting Files */,
				FC1596DF1B069FAC007EFF0E /* ResultViewController.swift */,
				FC5032FE1B07290500138775 /* RoShamBoModel.swift */,
			);
			path = RoShamBo;
			sourceTree = "<group>";
		};
		FC1596BD1B0693EF007EFF0E /* Supporting Files */ = {
			isa = PBXGroup;
			children = (
				FC1596BE1B0693EF007EFF0E /* Info.plist */,
			);
			name = "Supporting Files";
			sourceTree = "<group>";
		};
		FC1596D21B0693EF007EFF0E /* RoShamBoTests */ = {
			isa = PBXGroup;
			children = (
				FC1596D51B0693EF007EFF0E /* RoShamBoTests.swift */,
				FC1596D31B0693EF007EFF0E /* Supporting Files */,
			);
			path = RoShamBoTests;
			sourceTree = "<group>";
		};
		FC1596D31B0693EF007EFF0E /* Supporting Files */ = {
			isa = PBXGroup;
			children = (
				FC1596D41B0693EF007EFF0E /* Info.plist */,
			);
			name = "Supporting Files";
			sourceTree = "<group>";
		};
/* End PBXGroup section */

/* Begin PBXNativeTarget section */
		FC1596B91B0693EF007EFF0E /* RoShamBo */ = {
			isa = PBXNativeTarget;
			buildConfigurationList = FC1596D91B0693EF007EFF0E /* Build configuration list for PBXNativeTarget "RoShamBo" */;
			buildPhases = (
				FC1596B61B0693EF007EFF0E /* Sources */,
				FC1596B71B0693EF007EFF0E /* Frameworks */,
				FC1596B81B0693EF007EFF0E /* Resources */,
			);
			buildRules = (
			);
			dependencies = (
			);
			name = RoShamBo;
			productName = RoShamBo;
			productReference = FC1596BA1B0693EF007EFF0E /* RoShamBo.app */;
			productType = "com.apple.product-type.application";
		};
		FC1596CE1B0693EF007EFF0E /* RoShamBoTests */ = {
			isa = PBXNativeTarget;
			buildConfigurationList = FC1596DC1B0693EF007EFF0E /* Build configuration list for PBXNativeTarget "RoShamBoTests" */;
			buildPhases = (
				FC1596CB1B0693EF007EFF0E /* Sources */,
				FC1596CC1B0693EF007EFF0E /* Frameworks */,
				FC1596CD1B0693EF007EFF0E /* Resources */,
			);
			buildRules = (
			);
			dependencies = (
				FC1596D11B0693EF007EFF0E /* PBXTargetDependency */,
			);
			name = RoShamBoTests;
			productName = RoShamBoTests;
			productReference = FC1596CF1B0693EF007EFF0E /* RoShamBoTests.xctest */;
			productType = "com.apple.product-type.bundle.unit-test";
		};
/* End PBXNativeTarget section */

/* Begin PBXProject section */
		FC1596B21B0693EF007EFF0E /* Project object */ = {
			isa = PBXProject;
			attributes = {
				LastUpgradeCheck = 0630;
				ORGANIZATIONNAME = "JonGor Software";
				TargetAttributes = {
					FC1596B91B0693EF007EFF0E = {
						CreatedOnToolsVersion = 6.3.1;
					};
					FC1596CE1B0693EF007EFF0E = {
						CreatedOnToolsVersion = 6.3.1;
						TestTargetID = FC1596B91B0693EF007EFF0E;
					};
				};
			};
			buildConfigurationList = FC1596B51B0693EF007EFF0E /* Build configuration list for PBXProject "RoShamBo" */;
			compatibilityVersion = "Xcode 3.2";
			developmentRegion = English;
			hasScannedForEncodings = 0;
			knownRegions = (
				en,
				Base,
			);
			mainGroup = FC1596B11B0693EF007EFF0E;
			productRefGroup = FC1596BB1B0693EF007EFF0E /* Products */;
			projectDirPath = "";
			projectRoot = "";
			targets = (
				FC1596B91B0693EF007EFF0E /* RoShamBo */,
				FC1596CE1B0693EF007EFF0E /* RoShamBoTests */,
			);
		};
/* End PBXProject section */

/* Begin PBXResourcesBuildPhase section */
		FC1596B81B0693EF007EFF0E /* Resources */ = {
			isa = PBXResourcesBuildPhase;
			buildActionMask = 2147483647;
			files = (
				FC1596C51B0693EF007EFF0E /* Main.storyboard in Resources */,
				FC1596CA1B0693EF007EFF0E /* LaunchScreen.xib in Resources */,
				FC1596C71B0693EF007EFF0E /* Images.xcassets in Resources */,
			);
			runOnlyForDeploymentPostprocessing = 0;
		};
		FC1596CD1B0693EF007EFF0E /* Resources */ = {
			isa = PBXResourcesBuildPhase;
			buildActionMask = 2147483647;
			files = (
			);
			runOnlyForDeploymentPostprocessing = 0;
		};
/* End PBXResourcesBuildPhase section */

/* Begin PBXSourcesBuildPhase section */
		FC1596B61B0693EF007EFF0E /* Sources */ = {
			isa = PBXSourcesBuildPhase;
			buildActionMask = 2147483647;
			files = (
				FC1596C21B0693EF007EFF0E /* MainViewController.swift in Sources */,
				FC1596C01B0693EF007EFF0E /* AppDelegate.swift in Sources */,
				FC5032FF1B07290500138775 /* RoShamBoModel.swift in Sources */,
				FC1596E01B069FAC007EFF0E /* ResultViewController.swift in Sources */,
			);
			runOnlyForDeploymentPostprocessing = 0;
		};
		FC1596CB1B0693EF007EFF0E /* Sources */ = {
			isa = PBXSourcesBuildPhase;
			buildActionMask = 2147483647;
			files = (
				FC1596D61B0693EF007EFF0E /* RoShamBoTests.swift in Sources */,
			);
			runOnlyForDeploymentPostprocessing = 0;
		};
/* End PBXSourcesBuildPhase section */

/* Begin PBXTargetDependency section */
		FC1596D11B0693EF007EFF0E /* PBXTargetDependency */ = {
			isa = PBXTargetDependency;
			target = FC1596B91B0693EF007EFF0E /* RoShamBo */;
			targetProxy = FC1596D01B0693EF007EFF0E /* PBXContainerItemProxy */;
		};
/* End PBXTargetDependency section */

/* Begin PBXVariantGroup section */
		FC1596C31B0693EF007EFF0E /* Main.storyboard */ = {
			isa = PBXVariantGroup;
			children = (
				FC1596C41B0693EF007EFF0E /* Base */,
			);
			name = Main.storyboard;
			sourceTree = "<group>";
		};
		FC1596C81B0693EF007EFF0E /* LaunchScreen.xib */ = {
			isa = PBXVariantGroup;
			children = (
				FC1596C91B0693EF007EFF0E /* Base */,
			);
			name = LaunchScreen.xib;
			sourceTree = "<group>";
		};
/* End PBXVariantGroup section */

/* Begin XCBuildConfiguration section */
		FC1596D71B0693EF007EFF0E /* Debug */ = {
			isa = XCBuildConfiguration;
			buildSettings = {
				ALWAYS_SEARCH_USER_PATHS = NO;
				CLANG_CXX_LANGUAGE_STANDARD = "gnu++0x";
				CLANG_CXX_LIBRARY = "libc++";
				CLANG_ENABLE_MODULES = YES;
				CLANG_ENABLE_OBJC_ARC = YES;
				CLANG_WARN_BOOL_CONVERSION = YES;
				CLANG_WARN_CONSTANT_CONVERSION = YES;
				CLANG_WARN_DIRECT_OBJC_ISA_USAGE = YES_ERROR;
				CLANG_WARN_EMPTY_BODY = YES;
				CLANG_WARN_ENUM_CONVERSION = YES;
				CLANG_WARN_INT_CONVERSION = YES;
				CLANG_WARN_OBJC_ROOT_CLASS = YES_ERROR;
				CLANG_WARN_UNREACHABLE_CODE = YES;
				CLANG_WARN__DUPLICATE_METHOD_MATCH = YES;
				"CODE_SIGN_IDENTITY[sdk=iphoneos*]" = "iPhone Developer";
				COPY_PHASE_STRIP = NO;
				DEBUG_INFORMATION_FORMAT = "dwarf-with-dsym";
				ENABLE_STRICT_OBJC_MSGSEND = YES;
				GCC_C_LANGUAGE_STANDARD = gnu99;
				GCC_DYNAMIC_NO_PIC = NO;
				GCC_NO_COMMON_BLOCKS = YES;
				GCC_OPTIMIZATION_LEVEL = 0;
				GCC_PREPROCESSOR_DEFINITIONS = (
					"DEBUG=1",
					"$(inherited)",
				);
				GCC_SYMBOLS_PRIVATE_EXTERN = NO;
				GCC_WARN_64_TO_32_BIT_CONVERSION = YES;
				GCC_WARN_ABOUT_RETURN_TYPE = YES_ERROR;
				GCC_WARN_UNDECLARED_SELECTOR = YES;
				GCC_WARN_UNINITIALIZED_AUTOS = YES_AGGRESSIVE;
				GCC_WARN_UNUSED_FUNCTION = YES;
				GCC_WARN_UNUSED_VARIABLE = YES;
				IPHONEOS_DEPLOYMENT_TARGET = 8.3;
				MTL_ENABLE_DEBUG_INFO = YES;
				ONLY_ACTIVE_ARCH = YES;
				SDKROOT = iphoneos;
				SWIFT_OPTIMIZATION_LEVEL = "-Onone";
			};
			name = Debug;
		};
		FC1596D81B0693EF007EFF0E /* Release */ = {
			isa = XCBuildConfiguration;
			buildSettings = {
				ALWAYS_SEARCH_USER_PATHS = NO;
				CLANG_CXX_LANGUAGE_STANDARD = "gnu++0x";
				CLANG_CXX_LIBRARY = "libc++";
				CLANG_ENABLE_MODULES = YES;
				CLANG_ENABLE_OBJC_ARC = YES;
				CLANG_WARN_BOOL_CONVERSION = YES;
				CLANG_WARN_CONSTANT_CONVERSION = YES;
				CLANG_WARN_DIRECT_OBJC_ISA_USAGE = YES_ERROR;
				CLANG_WARN_EMPTY_BODY = YES;
				CLANG_WARN_ENUM_CONVERSION = YES;
				CLANG_WARN_INT_CONVERSION = YES;
				CLANG_WARN_OBJC_ROOT_CLASS = YES_ERROR;
				CLANG_WARN_UNREACHABLE_CODE = YES;
				CLANG_WARN__DUPLICATE_METHOD_MATCH = YES;
				"CODE_SIGN_IDENTITY[sdk=iphoneos*]" = "iPhone Developer";
				COPY_PHASE_STRIP = NO;
				DEBUG_INFORMATION_FORMAT = "dwarf-with-dsym";
				ENABLE_NS_ASSERTIONS = NO;
				ENABLE_STRICT_OBJC_MSGSEND = YES;
				GCC_C_LANGUAGE_STANDARD = gnu99;
				GCC_NO_COMMON_BLOCKS = YES;
				GCC_WARN_64_TO_32_BIT_CONVERSION = YES;
				GCC_WARN_ABOUT_RETURN_TYPE = YES_ERROR;
				GCC_WARN_UNDECLARED_SELECTOR = YES;
				GCC_WARN_UNINITIALIZED_AUTOS = YES_AGGRESSIVE;
				GCC_WARN_UNUSED_FUNCTION = YES;
				GCC_WARN_UNUSED_VARIABLE = YES;
				IPHONEOS_DEPLOYMENT_TARGET = 8.3;
				MTL_ENABLE_DEBUG_INFO = NO;
				SDKROOT = iphoneos;
				VALIDATE_PRODUCT = YES;
			};
			name = Release;
		};
		FC1596DA1B0693EF007EFF0E /* Debug */ = {
			isa = XCBuildConfiguration;
			buildSettings = {
				ASSETCATALOG_COMPILER_APPICON_NAME = AppIcon;
				INFOPLIST_FILE = RoShamBo/Info.plist;
				LD_RUNPATH_SEARCH_PATHS = "$(inherited) @executable_path/Frameworks";
				PRODUCT_NAME = "$(TARGET_NAME)";
			};
			name = Debug;
		};
		FC1596DB1B0693EF007EFF0E /* Release */ = {
			isa = XCBuildConfiguration;
			buildSettings = {
				ASSETCATALOG_COMPILER_APPICON_NAME = AppIcon;
				INFOPLIST_FILE = RoShamBo/Info.plist;
				LD_RUNPATH_SEARCH_PATHS = "$(inherited) @executable_path/Frameworks";
				PRODUCT_NAME = "$(TARGET_NAME)";
			};
			name = Release;
		};
		FC1596DD1B0693EF007EFF0E /* Debug */ = {
			isa = XCBuildConfiguration;
			buildSettings = {
				BUNDLE_LOADER = "$(TEST_HOST)";
				FRAMEWORK_SEARCH_PATHS = (
					"$(SDKROOT)/Developer/Library/Frameworks",
					"$(inherited)",
				);
				GCC_PREPROCESSOR_DEFINITIONS = (
					"DEBUG=1",
					"$(inherited)",
				);
				INFOPLIST_FILE = RoShamBoTests/Info.plist;
				LD_RUNPATH_SEARCH_PATHS = "$(inherited) @executable_path/Frameworks @loader_path/Frameworks";
				PRODUCT_NAME = "$(TARGET_NAME)";
				TEST_HOST = "$(BUILT_PRODUCTS_DIR)/RoShamBo.app/RoShamBo";
			};
			name = Debug;
		};
		FC1596DE1B0693EF007EFF0E /* Release */ = {
			isa = XCBuildConfiguration;
			buildSettings = {
				BUNDLE_LOADER = "$(TEST_HOST)";
				FRAMEWORK_SEARCH_PATHS = (
					"$(SDKROOT)/Developer/Library/Frameworks",
					"$(inherited)",
				);
				INFOPLIST_FILE = RoShamBoTests/Info.plist;
				LD_RUNPATH_SEARCH_PATHS = "$(inherited) @executable_path/Frameworks @loader_path/Frameworks";
				PRODUCT_NAME = "$(TARGET_NAME)";
				TEST_HOST = "$(BUILT_PRODUCTS_DIR)/RoShamBo.app/RoShamBo";
			};
			name = Release;
		};
/* End XCBuildConfiguration section */

/* Begin XCConfigurationList section */
		FC1596B51B0693EF007EFF0E /* Build configuration list for PBXProject "RoShamBo" */ = {
			isa = XCConfigurationList;
			buildConfigurations = (
				FC1596D71B0693EF007EFF0E /* Debug */,
				FC1596D81B0693EF007EFF0E /* Release */,
			);
			defaultConfigurationIsVisible = 0;
			defaultConfigurationName = Release;
		};
		FC1596D91B0693EF007EFF0E /* Build configuration list for PBXNativeTarget "RoShamBo" */ = {
			isa = XCConfigurationList;
			buildConfigurations = (
				FC1596DA1B0693EF007EFF0E /* Debug */,
				FC1596DB1B0693EF007EFF0E /* Release */,
			);
			defaultConfigurationIsVisible = 0;
			defaultConfigurationName = Release;
		};
		FC1596DC1B0693EF007EFF0E /* Build configuration list for PBXNativeTarget "RoShamBoTests" */ = {
			isa = XCConfigurationList;
			buildConfigurations = (
				FC1596DD1B0693EF007EFF0E /* Debug */,
				FC1596DE1B0693EF007EFF0E /* Release */,
			);
			defaultConfigurationIsVisible = 0;
			defaultConfigurationName = Release;
		};
/* End XCConfigurationList section */
	};
	rootObject = FC1596B21B0693EF007EFF0E /* Project object */;
}
